{
  "name": "karuta",
  "version": "0.1.0",
  "lockfileVersion": 1,
  "requires": true,
  "dependencies": {
    "flow-bin": {
      "version": "0.79.1",
      "resolved": "https://registry.npmjs.org/flow-bin/-/flow-bin-0.79.1.tgz",
      "integrity": "sha512-GGetgxz6q9BNqqCQ8wgAGRtyYWXltn++39C6W8HKbS1QC59USfwm3YP3X+eITp7wbkwa+LGlhGfggqeQxOY1vw==",
      "dev": true
    }
  }
}
